
Microsoft Visual Studio Solution File, Format Version 12.00
# Visual Studio 15
VisualStudioVersion = 15.0.28307.106
MinimumVisualStudioVersion = 10.0.40219.1
Project("{E53339B2-1760-4266-BCC7-CA923CBCF16C}") = "docker-compose", "docker-compose.dcproj", "{BE50B3D3-AD0C-4B20-A1B9-682998D929DF}"
EndProject
Project("{2150E333-8FDC-42A3-9474-1A3956D46DE8}") = "Catalog", "Catalog", "{2443E36F-0684-4D60-91EC-C5D64753420C}"
EndProject
Project("{2150E333-8FDC-42A3-9474-1A3956D46DE8}") = "BuildingBlocks", "BuildingBlocks", "{A540C319-F4A4-4FD1-B845-3274D9B9BC63}"
EndProject
Project("{2150E333-8FDC-42A3-9474-1A3956D46DE8}") = "Services", "Services", "{7C03D002-F2E8-41FF-AD6B-F53873D6BA9F}"
EndProject
Project("{2150E333-8FDC-42A3-9474-1A3956D46DE8}") = "Basket", "Basket", "{902C6322-C7F3-4FF3-BA2E-608A9920BC26}"
EndProject
Project("{2150E333-8FDC-42A3-9474-1A3956D46DE8}") = "Ordering", "Ordering", "{7E6D420A-9B5D-4BAF-A7DC-F009B0564072}"
EndProject
Project("{2150E333-8FDC-42A3-9474-1A3956D46DE8}") = "Payment", "Payment", "{B5F347E8-54E8-4A3E-BB16-CA8FF75526BC}"
EndProject
Project("{9A19103F-16F7-4668-BE54-9A1E7A4F7556}") = "Ariana.ECommerce.Basket.Domain", "Services\Basket\Ariana.ECommerce.Basket.Domain\Ariana.ECommerce.Basket.Domain.csproj", "{767D9DB6-FB50-4331-869E-A72F18678EFA}"
EndProject
Project("{9A19103F-16F7-4668-BE54-9A1E7A4F7556}") = "Ariana.ECommerce.Basket.Repository", "Services\Basket\Ariana.ECommerce.Basket.Repository\Ariana.ECommerce.Basket.Repository.csproj", "{051A3D56-E899-4A4F-B42C-34EAFC2883C8}"
EndProject
Project("{9A19103F-16F7-4668-BE54-9A1E7A4F7556}") = "Ariana.ECommerce.Basket.Application", "Services\Basket\Ariana.ECommerce.Basket.Application\Ariana.ECommerce.Basket.Application.csproj", "{4E999639-94E4-4DAD-ACD6-C6F40097EB0D}"
EndProject
Project("{9A19103F-16F7-4668-BE54-9A1E7A4F7556}") = "Ariana.ECommerce.Basket.Api", "Services\Basket\Ariana.ECommerce.Basket.Api\Ariana.ECommerce.Basket.Api.csproj", "{088E1630-F622-4D79-BD2B-A7E9D78E62B4}"
EndProject
Project("{9A19103F-16F7-4668-BE54-9A1E7A4F7556}") = "Ariana.ECommerce.Catalog.Api", "Services\Catalog\Ariana.ECommerce.Catalog.Api\Ariana.ECommerce.Catalog.Api.csproj", "{EAC76E6B-D67D-4CE8-A35D-3E20F9AFB0BF}"
EndProject
Project("{9A19103F-16F7-4668-BE54-9A1E7A4F7556}") = "Ariana.ECommerce.Catalog.Application", "Services\Catalog\Ariana.ECommerce.Catalog.Application\Ariana.ECommerce.Catalog.Application.csproj", "{1BF66485-F6DD-4810-8506-2871BCA832AE}"
EndProject
Project("{9A19103F-16F7-4668-BE54-9A1E7A4F7556}") = "Ariana.ECommerce.Catalog.Domain", "Services\Catalog\Ariana.ECommerce.Catalog.Domain\Ariana.ECommerce.Catalog.Domain.csproj", "{4D5974C0-E9A0-44B5-9D12-DAD47A391D60}"
EndProject
Project("{9A19103F-16F7-4668-BE54-9A1E7A4F7556}") = "Ariana.ECommerce.Catalog.Repository", "Services\Catalog\Ariana.ECommerce.Catalog.Repository\Ariana.ECommerce.Catalog.Repository.csproj", "{4B56B49E-B066-42E2-97DF-C7EB8913A5DE}"
EndProject
Project("{9A19103F-16F7-4668-BE54-9A1E7A4F7556}") = "Ariana.ECommerce.Payment.Api", "Services\Payment\Ariana.ECommerce.Payment.Api\Ariana.ECommerce.Payment.Api.csproj", "{54FD0BC2-8F75-4DDE-AAD2-637404EC42F4}"
EndProject
Project("{9A19103F-16F7-4668-BE54-9A1E7A4F7556}") = "Ariana.ECommerce.EventBus", "BuildingBlocks\EventBus\Ariana.ECommerce.EventBus\Ariana.ECommerce.EventBus.csproj", "{8F18F30C-A6F7-4F34-BC2D-58095FC754D1}"
EndProject
Project("{FAE04EC0-301F-11D3-BF4B-00C04F79EFBC}") = "Ariana.ECommerce.Ordering.Api", "Services\Ordering\Ariana.ECommerce.Ordering.Api\Ariana.ECommerce.Ordering.Api.csproj", "{BEC3457D-AF5B-4A1E-9610-40120A0DF3F5}"
EndProject
Global
	GlobalSection(SolutionConfigurationPlatforms) = preSolution
		Debug|Any CPU = Debug|Any CPU
		Release|Any CPU = Release|Any CPU
	EndGlobalSection
	GlobalSection(ProjectConfigurationPlatforms) = postSolution
		{BE50B3D3-AD0C-4B20-A1B9-682998D929DF}.Debug|Any CPU.ActiveCfg = Debug|Any CPU
		{BE50B3D3-AD0C-4B20-A1B9-682998D929DF}.Debug|Any CPU.Build.0 = Debug|Any CPU
		{BE50B3D3-AD0C-4B20-A1B9-682998D929DF}.Release|Any CPU.ActiveCfg = Release|Any CPU
		{BE50B3D3-AD0C-4B20-A1B9-682998D929DF}.Release|Any CPU.Build.0 = Release|Any CPU
		{767D9DB6-FB50-4331-869E-A72F18678EFA}.Debug|Any CPU.ActiveCfg = Debug|Any CPU
		{767D9DB6-FB50-4331-869E-A72F18678EFA}.Debug|Any CPU.Build.0 = Debug|Any CPU
		{767D9DB6-FB50-4331-869E-A72F18678EFA}.Release|Any CPU.ActiveCfg = Release|Any CPU
		{767D9DB6-FB50-4331-869E-A72F18678EFA}.Release|Any CPU.Build.0 = Release|Any CPU
		{051A3D56-E899-4A4F-B42C-34EAFC2883C8}.Debug|Any CPU.ActiveCfg = Debug|Any CPU
		{051A3D56-E899-4A4F-B42C-34EAFC2883C8}.Debug|Any CPU.Build.0 = Debug|Any CPU
		{051A3D56-E899-4A4F-B42C-34EAFC2883C8}.Release|Any CPU.ActiveCfg = Release|Any CPU
		{051A3D56-E899-4A4F-B42C-34EAFC2883C8}.Release|Any CPU.Build.0 = Release|Any CPU
		{4E999639-94E4-4DAD-ACD6-C6F40097EB0D}.Debug|Any CPU.ActiveCfg = Debug|Any CPU
		{4E999639-94E4-4DAD-ACD6-C6F40097EB0D}.Debug|Any CPU.Build.0 = Debug|Any CPU
		{4E999639-94E4-4DAD-ACD6-C6F40097EB0D}.Release|Any CPU.ActiveCfg = Release|Any CPU
		{4E999639-94E4-4DAD-ACD6-C6F40097EB0D}.Release|Any CPU.Build.0 = Release|Any CPU
		{088E1630-F622-4D79-BD2B-A7E9D78E62B4}.Debug|Any CPU.ActiveCfg = Debug|Any CPU
		{088E1630-F622-4D79-BD2B-A7E9D78E62B4}.Debug|Any CPU.Build.0 = Debug|Any CPU
		{088E1630-F622-4D79-BD2B-A7E9D78E62B4}.Release|Any CPU.ActiveCfg = Release|Any CPU
		{088E1630-F622-4D79-BD2B-A7E9D78E62B4}.Release|Any CPU.Build.0 = Release|Any CPU
		{EAC76E6B-D67D-4CE8-A35D-3E20F9AFB0BF}.Debug|Any CPU.ActiveCfg = Debug|Any CPU
		{EAC76E6B-D67D-4CE8-A35D-3E20F9AFB0BF}.Debug|Any CPU.Build.0 = Debug|Any CPU
		{EAC76E6B-D67D-4CE8-A35D-3E20F9AFB0BF}.Release|Any CPU.ActiveCfg = Release|Any CPU
		{EAC76E6B-D67D-4CE8-A35D-3E20F9AFB0BF}.Release|Any CPU.Build.0 = Release|Any CPU
		{1BF66485-F6DD-4810-8506-2871BCA832AE}.Debug|Any CPU.ActiveCfg = Debug|Any CPU
		{1BF66485-F6DD-4810-8506-2871BCA832AE}.Debug|Any CPU.Build.0 = Debug|Any CPU
		{1BF66485-F6DD-4810-8506-2871BCA832AE}.Release|Any CPU.ActiveCfg = Release|Any CPU
		{1BF66485-F6DD-4810-8506-2871BCA832AE}.Release|Any CPU.Build.0 = Release|Any CPU
		{4D5974C0-E9A0-44B5-9D12-DAD47A391D60}.Debug|Any CPU.ActiveCfg = Debug|Any CPU
		{4D5974C0-E9A0-44B5-9D12-DAD47A391D60}.Debug|Any CPU.Build.0 = Debug|Any CPU
		{4D5974C0-E9A0-44B5-9D12-DAD47A391D60}.Release|Any CPU.ActiveCfg = Release|Any CPU
		{4D5974C0-E9A0-44B5-9D12-DAD47A391D60}.Release|Any CPU.Build.0 = Release|Any CPU
		{4B56B49E-B066-42E2-97DF-C7EB8913A5DE}.Debug|Any CPU.ActiveCfg = Debug|Any CPU
		{4B56B49E-B066-42E2-97DF-C7EB8913A5DE}.Debug|Any CPU.Build.0 = Debug|Any CPU
		{4B56B49E-B066-42E2-97DF-C7EB8913A5DE}.Release|Any CPU.ActiveCfg = Release|Any CPU
		{4B56B49E-B066-42E2-97DF-C7EB8913A5DE}.Release|Any CPU.Build.0 = Release|Any CPU
		{54FD0BC2-8F75-4DDE-AAD2-637404EC42F4}.Debug|Any CPU.ActiveCfg = Debug|Any CPU
		{54FD0BC2-8F75-4DDE-AAD2-637404EC42F4}.Debug|Any CPU.Build.0 = Debug|Any CPU
		{54FD0BC2-8F75-4DDE-AAD2-637404EC42F4}.Release|Any CPU.ActiveCfg = Release|Any CPU
		{54FD0BC2-8F75-4DDE-AAD2-637404EC42F4}.Release|Any CPU.Build.0 = Release|Any CPU
		{8F18F30C-A6F7-4F34-BC2D-58095FC754D1}.Debug|Any CPU.ActiveCfg = Debug|Any CPU
		{8F18F30C-A6F7-4F34-BC2D-58095FC754D1}.Debug|Any CPU.Build.0 = Debug|Any CPU
		{8F18F30C-A6F7-4F34-BC2D-58095FC754D1}.Release|Any CPU.ActiveCfg = Release|Any CPU
		{8F18F30C-A6F7-4F34-BC2D-58095FC754D1}.Release|Any CPU.Build.0 = Release|Any CPU
		{BEC3457D-AF5B-4A1E-9610-40120A0DF3F5}.Debug|Any CPU.ActiveCfg = Debug|Any CPU
		{BEC3457D-AF5B-4A1E-9610-40120A0DF3F5}.Debug|Any CPU.Build.0 = Debug|Any CPU
		{BEC3457D-AF5B-4A1E-9610-40120A0DF3F5}.Release|Any CPU.ActiveCfg = Release|Any CPU
		{BEC3457D-AF5B-4A1E-9610-40120A0DF3F5}.Release|Any CPU.Build.0 = Release|Any CPU
	EndGlobalSection
	GlobalSection(SolutionProperties) = preSolution
		HideSolutionNode = FALSE
	EndGlobalSection
	GlobalSection(NestedProjects) = preSolution
		{2443E36F-0684-4D60-91EC-C5D64753420C} = {7C03D002-F2E8-41FF-AD6B-F53873D6BA9F}
		{902C6322-C7F3-4FF3-BA2E-608A9920BC26} = {7C03D002-F2E8-41FF-AD6B-F53873D6BA9F}
		{7E6D420A-9B5D-4BAF-A7DC-F009B0564072} = {7C03D002-F2E8-41FF-AD6B-F53873D6BA9F}
		{B5F347E8-54E8-4A3E-BB16-CA8FF75526BC} = {7C03D002-F2E8-41FF-AD6B-F53873D6BA9F}
		{767D9DB6-FB50-4331-869E-A72F18678EFA} = {902C6322-C7F3-4FF3-BA2E-608A9920BC26}
		{051A3D56-E899-4A4F-B42C-34EAFC2883C8} = {902C6322-C7F3-4FF3-BA2E-608A9920BC26}
		{4E999639-94E4-4DAD-ACD6-C6F40097EB0D} = {902C6322-C7F3-4FF3-BA2E-608A9920BC26}
		{088E1630-F622-4D79-BD2B-A7E9D78E62B4} = {902C6322-C7F3-4FF3-BA2E-608A9920BC26}
		{EAC76E6B-D67D-4CE8-A35D-3E20F9AFB0BF} = {2443E36F-0684-4D60-91EC-C5D64753420C}
		{1BF66485-F6DD-4810-8506-2871BCA832AE} = {2443E36F-0684-4D60-91EC-C5D64753420C}
		{4D5974C0-E9A0-44B5-9D12-DAD47A391D60} = {2443E36F-0684-4D60-91EC-C5D64753420C}
		{4B56B49E-B066-42E2-97DF-C7EB8913A5DE} = {2443E36F-0684-4D60-91EC-C5D64753420C}
		{54FD0BC2-8F75-4DDE-AAD2-637404EC42F4} = {B5F347E8-54E8-4A3E-BB16-CA8FF75526BC}
		{8F18F30C-A6F7-4F34-BC2D-58095FC754D1} = {A540C319-F4A4-4FD1-B845-3274D9B9BC63}
		{BEC3457D-AF5B-4A1E-9610-40120A0DF3F5} = {7E6D420A-9B5D-4BAF-A7DC-F009B0564072}
	EndGlobalSection
	GlobalSection(ExtensibilityGlobals) = postSolution
		SolutionGuid = {F141BF80-0FCE-4021-8C3C-0F283134122E}
	EndGlobalSection
EndGlobal
